
Microsoft Visual Studio Solution File, Format Version 12.00
# Visual Studio Version 17
VisualStudioVersion = 17.0.31903.59
MinimumVisualStudioVersion = 10.0.40219.1
Project("{FAE04EC0-301F-11D3-BF4B-00C04F79EFBC}") = "API", "API\API.csproj", "{0472BB70-CBF5-463B-9443-59F890F18926}"
EndProject
Project("{FAE04EC0-301F-11D3-BF4B-00C04F79EFBC}") = "Application", "Application\Application.csproj", "{367B450B-747B-4068-B32E-C150D41DB4F8}"
EndProject
Project("{FAE04EC0-301F-11D3-BF4B-00C04F79EFBC}") = "Domain", "Domain\Domain.csproj", "{055A9411-3D47-468E-9C19-59052F04B980}"
EndProject
Project("{FAE04EC0-301F-11D3-BF4B-00C04F79EFBC}") = "Persistence", "Persistence\Persistence.csproj", "{02C5A0D0-97DE-4ECD-B8A8-72C0DEF01C4E}"
EndProject
Project("{FAE04EC0-301F-11D3-BF4B-00C04F79EFBC}") = "Infrastructure", "Infrastructure\Infrastructure.csproj", "{15D9DE31-4005-4349-89FD-D93981787130}"
EndProject
Global
	GlobalSection(SolutionConfigurationPlatforms) = preSolution
		Debug|Any CPU = Debug|Any CPU
		Debug|x64 = Debug|x64
		Debug|x86 = Debug|x86
		Release|Any CPU = Release|Any CPU
		Release|x64 = Release|x64
		Release|x86 = Release|x86
	EndGlobalSection
	GlobalSection(ProjectConfigurationPlatforms) = postSolution
		{0472BB70-CBF5-463B-9443-59F890F18926}.Debug|Any CPU.ActiveCfg = Debug|Any CPU
		{0472BB70-CBF5-463B-9443-59F890F18926}.Debug|Any CPU.Build.0 = Debug|Any CPU
		{0472BB70-CBF5-463B-9443-59F890F18926}.Debug|x64.ActiveCfg = Debug|Any CPU
		{0472BB70-CBF5-463B-9443-59F890F18926}.Debug|x64.Build.0 = Debug|Any CPU
		{0472BB70-CBF5-463B-9443-59F890F18926}.Debug|x86.ActiveCfg = Debug|Any CPU
		{0472BB70-CBF5-463B-9443-59F890F18926}.Debug|x86.Build.0 = Debug|Any CPU
		{0472BB70-CBF5-463B-9443-59F890F18926}.Release|Any CPU.ActiveCfg = Release|Any CPU
		{0472BB70-CBF5-463B-9443-59F890F18926}.Release|Any CPU.Build.0 = Release|Any CPU
		{0472BB70-CBF5-463B-9443-59F890F18926}.Release|x64.ActiveCfg = Release|Any CPU
		{0472BB70-CBF5-463B-9443-59F890F18926}.Release|x64.Build.0 = Release|Any CPU
		{0472BB70-CBF5-463B-9443-59F890F18926}.Release|x86.ActiveCfg = Release|Any CPU
		{0472BB70-CBF5-463B-9443-59F890F18926}.Release|x86.Build.0 = Release|Any CPU
		{367B450B-747B-4068-B32E-C150D41DB4F8}.Debug|Any CPU.ActiveCfg = Debug|Any CPU
		{367B450B-747B-4068-B32E-C150D41DB4F8}.Debug|Any CPU.Build.0 = Debug|Any CPU
		{367B450B-747B-4068-B32E-C150D41DB4F8}.Debug|x64.ActiveCfg = Debug|Any CPU
		{367B450B-747B-4068-B32E-C150D41DB4F8}.Debug|x64.Build.0 = Debug|Any CPU
		{367B450B-747B-4068-B32E-C150D41DB4F8}.Debug|x86.ActiveCfg = Debug|Any CPU
		{367B450B-747B-4068-B32E-C150D41DB4F8}.Debug|x86.Build.0 = Debug|Any CPU
		{367B450B-747B-4068-B32E-C150D41DB4F8}.Release|Any CPU.ActiveCfg = Release|Any CPU
		{367B450B-747B-4068-B32E-C150D41DB4F8}.Release|Any CPU.Build.0 = Release|Any CPU
		{367B450B-747B-4068-B32E-C150D41DB4F8}.Release|x64.ActiveCfg = Release|Any CPU
		{367B450B-747B-4068-B32E-C150D41DB4F8}.Release|x64.Build.0 = Release|Any CPU
		{367B450B-747B-4068-B32E-C150D41DB4F8}.Release|x86.ActiveCfg = Release|Any CPU
		{367B450B-747B-4068-B32E-C150D41DB4F8}.Release|x86.Build.0 = Release|Any CPU
		{055A9411-3D47-468E-9C19-59052F04B980}.Debug|Any CPU.ActiveCfg = Debug|Any CPU
		{055A9411-3D47-468E-9C19-59052F04B980}.Debug|Any CPU.Build.0 = Debug|Any CPU
		{055A9411-3D47-468E-9C19-59052F04B980}.Debug|x64.ActiveCfg = Debug|Any CPU
		{055A9411-3D47-468E-9C19-59052F04B980}.Debug|x64.Build.0 = Debug|Any CPU
		{055A9411-3D47-468E-9C19-59052F04B980}.Debug|x86.ActiveCfg = Debug|Any CPU
		{055A9411-3D47-468E-9C19-59052F04B980}.Debug|x86.Build.0 = Debug|Any CPU
		{055A9411-3D47-468E-9C19-59052F04B980}.Release|Any CPU.ActiveCfg = Release|Any CPU
		{055A9411-3D47-468E-9C19-59052F04B980}.Release|Any CPU.Build.0 = Release|Any CPU
		{055A9411-3D47-468E-9C19-59052F04B980}.Release|x64.ActiveCfg = Release|Any CPU
		{055A9411-3D47-468E-9C19-59052F04B980}.Release|x64.Build.0 = Release|Any CPU
		{055A9411-3D47-468E-9C19-59052F04B980}.Release|x86.ActiveCfg = Release|Any CPU
		{055A9411-3D47-468E-9C19-59052F04B980}.Release|x86.Build.0 = Release|Any CPU
		{02C5A0D0-97DE-4ECD-B8A8-72C0DEF01C4E}.Debug|Any CPU.ActiveCfg = Debug|Any CPU
		{02C5A0D0-97DE-4ECD-B8A8-72C0DEF01C4E}.Debug|Any CPU.Build.0 = Debug|Any CPU
		{02C5A0D0-97DE-4ECD-B8A8-72C0DEF01C4E}.Debug|x64.ActiveCfg = Debug|Any CPU
		{02C5A0D0-97DE-4ECD-B8A8-72C0DEF01C4E}.Debug|x64.Build.0 = Debug|Any CPU
		{02C5A0D0-97DE-4ECD-B8A8-72C0DEF01C4E}.Debug|x86.ActiveCfg = Debug|Any CPU
		{02C5A0D0-97DE-4ECD-B8A8-72C0DEF01C4E}.Debug|x86.Build.0 = Debug|Any CPU
		{02C5A0D0-97DE-4ECD-B8A8-72C0DEF01C4E}.Release|Any CPU.ActiveCfg = Release|Any CPU
		{02C5A0D0-97DE-4ECD-B8A8-72C0DEF01C4E}.Release|Any CPU.Build.0 = Release|Any CPU
		{02C5A0D0-97DE-4ECD-B8A8-72C0DEF01C4E}.Release|x64.ActiveCfg = Release|Any CPU
		{02C5A0D0-97DE-4ECD-B8A8-72C0DEF01C4E}.Release|x64.Build.0 = Release|Any CPU
		{02C5A0D0-97DE-4ECD-B8A8-72C0DEF01C4E}.Release|x86.ActiveCfg = Release|Any CPU
		{02C5A0D0-97DE-4ECD-B8A8-72C0DEF01C4E}.Release|x86.Build.0 = Release|Any CPU
		{15D9DE31-4005-4349-89FD-D93981787130}.Debug|Any CPU.ActiveCfg = Debug|Any CPU
		{15D9DE31-4005-4349-89FD-D93981787130}.Debug|Any CPU.Build.0 = Debug|Any CPU
		{15D9DE31-4005-4349-89FD-D93981787130}.Debug|x64.ActiveCfg = Debug|Any CPU
		{15D9DE31-4005-4349-89FD-D93981787130}.Debug|x64.Build.0 = Debug|Any CPU
		{15D9DE31-4005-4349-89FD-D93981787130}.Debug|x86.ActiveCfg = Debug|Any CPU
		{15D9DE31-4005-4349-89FD-D93981787130}.Debug|x86.Build.0 = Debug|Any CPU
		{15D9DE31-4005-4349-89FD-D93981787130}.Release|Any CPU.ActiveCfg = Release|Any CPU
		{15D9DE31-4005-4349-89FD-D93981787130}.Release|Any CPU.Build.0 = Release|Any CPU
		{15D9DE31-4005-4349-89FD-D93981787130}.Release|x64.ActiveCfg = Release|Any CPU
		{15D9DE31-4005-4349-89FD-D93981787130}.Release|x64.Build.0 = Release|Any CPU
		{15D9DE31-4005-4349-89FD-D93981787130}.Release|x86.ActiveCfg = Release|Any CPU
		{15D9DE31-4005-4349-89FD-D93981787130}.Release|x86.Build.0 = Release|Any CPU
	EndGlobalSection
	GlobalSection(SolutionProperties) = preSolution
		HideSolutionNode = FALSE
	EndGlobalSection
EndGlobal
